<?xml version="1.0" encoding="utf-8"?>
<Project ToolsVersion="4.0" xmlns="http://schemas.microsoft.com/developer/msbuild/2003">
  <ItemGroup>
    <Filter Include="Source Files">
      <UniqueIdentifier>{bfdbea22-4062-4d56-8274-218fba372953}</UniqueIdentifier>
      <Extensions>cpp;c;cxx;rc;def;r;odl;idl;hpj;bat</Extensions>
    </Filter>
    <Filter Include="Header Files">
      <UniqueIdentifier>{c499a7c7-abb8-4a0e-b761-a172ceeb589c}</UniqueIdentifier>
      <Extensions>h;hpp;hxx;hm;inl</Extensions>
    </Filter>
  </ItemGroup>
  <ItemGroup>
    <ClCompile Include="arc.c">
      <Filter>Source Files</Filter>
    </ClCompile>
    <ClCompile Include="arc_lzh.c">
      <Filter>Source Files</Filter>
    </ClCompile>
    <ClCompile Include="arc_mime.c">
      <Filter>Source Files</Filter>
    </ClCompile>
    <ClCompile Include="arc_tar.c">
      <Filter>Source Files</Filter>
    </ClCompile>
    <ClCompile Include="arc_zip.c">
      <Filter>Source Files</Filter>
    </ClCompile>
    <ClCompile Include="deflate.c">
      <Filter>Source Files</Filter>
    </ClCompile>
    <ClCompile Include="explode.c">
      <Filter>Source Files</Filter>
    </ClCompile>
    <ClCompile Include="inflate.c">
      <Filter>Source Files</Filter>
    </ClCompile>
    <ClCompile Include="unlzh.c">
      <Filter>Source Files</Filter>
    </ClCompile>
    <ClCompile Include="url.c">
      <Filter>Source Files</Filter>
    </ClCompile>
    <ClCompile Include="url_b64decode.c">
      <Filter>Source Files</Filter>
    </ClCompile>
    <ClCompile Include="url_buff.c">
      <Filter>Source Files</Filter>
    </ClCompile>
    <ClCompile Include="url_cache.c">
      <Filter>Source Files</Filter>
    </ClCompile>
    <ClCompile Include="url_dir.c">
      <Filter>Source Files</Filter>
    </ClCompile>
    <ClCompile Include="url_file.c">
      <Filter>Source Files</Filter>
    </ClCompile>
    <ClCompile Include="url_ftp.c">
      <Filter>Source Files</Filter>
    </ClCompile>
    <ClCompile Include="url_hqxdecode.c">
      <Filter>Source Files</Filter>
    </ClCompile>
    <ClCompile Include="url_http.c">
      <Filter>Source Files</Filter>
    </ClCompile>
    <ClCompile Include="url_inflate.c">
      <Filter>Source Files</Filter>
    </ClCompile>
    <ClCompile Include="url_mem.c">
      <Filter>Source Files</Filter>
    </ClCompile>
    <ClCompile Include="url_news.c">
      <Filter>Source Files</Filter>
    </ClCompile>
    <ClCompile Include="url_newsgroup.c">
      <Filter>Source Files</Filter>
    </ClCompile>
    <ClCompile Include="url_pipe.c">
      <Filter>Source Files</Filter>
    </ClCompile>
    <ClCompile Include="url_qsdecode.c">
      <Filter>Source Files</Filter>
    </ClCompile>
    <ClCompile Include="url_uudecode.c">
      <Filter>Source Files</Filter>
    </ClCompile>
  </ItemGroup>
  <ItemGroup>
    <ClInclude Include="arc.h">
      <Filter>Header Files</Filter>
    </ClInclude>
    <ClInclude Include="explode.h">
      <Filter>Header Files</Filter>
    </ClInclude>
    <ClInclude Include="unlzh.h">
      <Filter>Header Files</Filter>
    </ClInclude>
    <ClInclude Include="url.h">
      <Filter>Header Files</Filter>
    </ClInclude>
    <ClInclude Include="zip.h">
      <Filter>Header Files</Filter>
    </ClInclude>
  </ItemGroup>
</Project>