<?xml version="1.0" encoding="utf-8"?>
<Project ToolsVersion="4.0" xmlns="http://schemas.microsoft.com/developer/msbuild/2003">
  <ItemGroup>
    <Filter Include="リソース ファイル">
      <UniqueIdentifier>{e6c19ea5-efe3-4e13-befd-3c109e1b188c}</UniqueIdentifier>
      <Extensions>rc;ico;cur;bmp;dlg;rc2;rct;bin;rgs;gif;jpg;jpeg;jpe</Extensions>
    </Filter>
    <Filter Include="Source Files">
      <UniqueIdentifier>{0960ffed-7bdf-468c-a1dc-3cfddc31f031}</UniqueIdentifier>
      <Extensions>cpp;c;cxx;def;odl;idl;hpj;bat;asm</Extensions>
    </Filter>
    <Filter Include="Header Files">
      <UniqueIdentifier>{e3b4a6af-3005-461c-8790-04225acf56e2}</UniqueIdentifier>
      <Extensions>h;hpp;hxx;hm;inl;inc</Extensions>
    </Filter>
    <Filter Include="Source Files\timidity">
      <UniqueIdentifier>{590abda0-694f-4a21-ab06-38884f831c03}</UniqueIdentifier>
    </Filter>
    <Filter Include="Header Files\timidity">
      <UniqueIdentifier>{6d867860-17fc-4816-b20f-d21b5605e4e9}</UniqueIdentifier>
    </Filter>
  </ItemGroup>
  <ItemGroup>
    <ClCompile Include="..\interface\dumb_c.c">
      <Filter>Source Files</Filter>
    </ClCompile>
    <ClCompile Include="..\interface\rtsyn_common.c">
      <Filter>Source Files</Filter>
    </ClCompile>
    <ClCompile Include="..\interface\rtsyn_winmm.c">
      <Filter>Source Files</Filter>
    </ClCompile>
    <ClCompile Include="timiditydrv.c">
      <Filter>Source Files</Filter>
    </ClCompile>
    <ClCompile Include="timiwp_timidity.c">
      <Filter>Source Files</Filter>
    </ClCompile>
    <ClCompile Include="..\timidity\w32_portaudio_dll.c">
      <Filter>Source Files</Filter>
    </ClCompile>
    <ClCompile Include="..\interface\w32g_ini.c">
      <Filter>Source Files</Filter>
    </ClCompile>
    <ClCompile Include="..\interface\w32g_pref.c">
      <Filter>Source Files</Filter>
    </ClCompile>
    <ClCompile Include="..\interface\w32g_syn.c">
      <Filter>Source Files</Filter>
    </ClCompile>
    <ClCompile Include="..\interface\w32g_utl.c">
      <Filter>Source Files</Filter>
    </ClCompile>
    <ClCompile Include="..\interface\winsyn_c.c">
      <Filter>Source Files</Filter>
    </ClCompile>
    <ClCompile Include="..\timidity\aiff_a.c">
      <Filter>Source Files\timidity</Filter>
    </ClCompile>
    <ClCompile Include="..\timidity\aq.c">
      <Filter>Source Files\timidity</Filter>
    </ClCompile>
    <ClCompile Include="..\timidity\au_a.c">
      <Filter>Source Files\timidity</Filter>
    </ClCompile>
    <ClCompile Include="..\timidity\audio_cnv.c">
      <Filter>Source Files\timidity</Filter>
    </ClCompile>
    <ClCompile Include="..\timidity\common.c">
      <Filter>Source Files\timidity</Filter>
    </ClCompile>
    <ClCompile Include="..\timidity\controls.c">
      <Filter>Source Files\timidity</Filter>
    </ClCompile>
    <ClCompile Include="..\timidity\effect.c">
      <Filter>Source Files\timidity</Filter>
    </ClCompile>
    <ClCompile Include="..\timidity\envelope.c">
      <Filter>Source Files\timidity</Filter>
    </ClCompile>
    <ClCompile Include="..\timidity\filter.c">
      <Filter>Source Files\timidity</Filter>
    </ClCompile>
    <ClCompile Include="..\timidity\freq.c">
      <Filter>Source Files\timidity</Filter>
    </ClCompile>
    <ClCompile Include="..\timidity\instrum.c">
      <Filter>Source Files\timidity</Filter>
    </ClCompile>
    <ClCompile Include="..\timidity\loadtab.c">
      <Filter>Source Files\timidity</Filter>
    </ClCompile>
    <ClCompile Include="..\timidity\list_a.c">
      <Filter>Source Files\timidity</Filter>
    </ClCompile>
    <ClCompile Include="..\timidity\m2m.c">
      <Filter>Source Files\timidity</Filter>
    </ClCompile>
    <ClCompile Include="..\timidity\mfi.c">
      <Filter>Source Files\timidity</Filter>
    </ClCompile>
    <ClCompile Include="..\timidity\mfnode.c">
      <Filter>Source Files\timidity</Filter>
    </ClCompile>
    <ClCompile Include="..\timidity\miditrace.c">
      <Filter>Source Files\timidity</Filter>
    </ClCompile>
    <ClCompile Include="..\timidity\mix.c">
      <Filter>Source Files\timidity</Filter>
    </ClCompile>
    <ClCompile Include="..\timidity\mod.c">
      <Filter>Source Files\timidity</Filter>
    </ClCompile>
    <ClCompile Include="..\timidity\mod2midi.c">
      <Filter>Source Files\timidity</Filter>
    </ClCompile>
    <ClCompile Include="..\timidity\modmid_a.c">
      <Filter>Source Files\timidity</Filter>
    </ClCompile>
    <ClCompile Include="..\timidity\mt19937ar.c">
      <Filter>Source Files\timidity</Filter>
    </ClCompile>
    <ClCompile Include="..\timidity\myini.c">
      <Filter>Source Files\timidity</Filter>
    </ClCompile>
    <ClCompile Include="..\timidity\optcode.c">
      <Filter>Source Files\timidity</Filter>
    </ClCompile>
    <ClCompile Include="..\timidity\output.c">
      <Filter>Source Files\timidity</Filter>
    </ClCompile>
    <ClCompile Include="..\timidity\playmidi.c">
      <Filter>Source Files\timidity</Filter>
    </ClCompile>
    <ClCompile Include="..\timidity\portaudio_a.c">
      <Filter>Source Files\timidity</Filter>
    </ClCompile>
    <ClCompile Include="..\timidity\quantity.c">
      <Filter>Source Files\timidity</Filter>
    </ClCompile>
    <ClCompile Include="..\timidity\raw_a.c">
      <Filter>Source Files\timidity</Filter>
    </ClCompile>
    <ClCompile Include="..\timidity\rcp.c">
      <Filter>Source Files\timidity</Filter>
    </ClCompile>
    <ClCompile Include="..\timidity\readmidi.c">
      <Filter>Source Files\timidity</Filter>
    </ClCompile>
    <ClCompile Include="..\timidity\recache.c">
      <Filter>Source Files\timidity</Filter>
    </ClCompile>
    <ClCompile Include="..\timidity\resample.c">
      <Filter>Source Files\timidity</Filter>
    </ClCompile>
    <ClCompile Include="..\timidity\sbkconv.c">
      <Filter>Source Files\timidity</Filter>
    </ClCompile>
    <ClCompile Include="..\timidity\sffile.c">
      <Filter>Source Files\timidity</Filter>
    </ClCompile>
    <ClCompile Include="..\timidity\sfitem.c">
      <Filter>Source Files\timidity</Filter>
    </ClCompile>
    <ClCompile Include="..\timidity\smfconv.c">
      <Filter>Source Files\timidity</Filter>
    </ClCompile>
    <ClCompile Include="..\timidity\smplfile.c">
      <Filter>Source Files\timidity</Filter>
    </ClCompile>
    <ClCompile Include="..\timidity\sndfont.c">
      <Filter>Source Files\timidity</Filter>
    </ClCompile>
    <ClCompile Include="..\timidity\sndfontini.c">
      <Filter>Source Files\timidity</Filter>
    </ClCompile>
    <ClCompile Include="..\timidity\tables.c">
      <Filter>Source Files\timidity</Filter>
    </ClCompile>
    <ClCompile Include="..\timidity\thread.c">
      <Filter>Source Files\timidity</Filter>
    </ClCompile>
    <ClCompile Include="..\timidity\timidity.c">
      <Filter>Source Files\timidity</Filter>
    </ClCompile>
    <ClCompile Include="..\timidity\version.c">
      <Filter>Source Files\timidity</Filter>
    </ClCompile>
    <ClCompile Include="..\timidity\w32_a.c">
      <Filter>Source Files\timidity</Filter>
    </ClCompile>
    <ClCompile Include="..\timidity\wave_a.c">
      <Filter>Source Files\timidity</Filter>
    </ClCompile>
    <ClCompile Include="..\timidity\wrd_read.c">
      <Filter>Source Files\timidity</Filter>
    </ClCompile>
    <ClCompile Include="..\timidity\wrdt.c">
      <Filter>Source Files\timidity</Filter>
    </ClCompile>
    <ClCompile Include="..\timidity\int_synth.c">
      <Filter>Source Files\timidity</Filter>
    </ClCompile>
    <ClCompile Include="..\timidity\voice_effect.c">
      <Filter>Source Files\timidity</Filter>
    </ClCompile>
    <ClCompile Include="..\timidity\oscillator.c">
      <Filter>Source Files\timidity</Filter>
    </ClCompile>
  </ItemGroup>
  <ItemGroup>
    <ClInclude Include="..\config.h">
      <Filter>Header Files</Filter>
    </ClInclude>
    <ClInclude Include="..\interface.h">
      <Filter>Header Files</Filter>
    </ClInclude>
    <ClInclude Include="mmddk.h">
      <Filter>Header Files</Filter>
    </ClInclude>
    <ClInclude Include="..\configs\msc-config.h">
      <Filter>Header Files</Filter>
    </ClInclude>
    <ClInclude Include="..\configs\msc-twsyn-interface.h">
      <Filter>Header Files</Filter>
    </ClInclude>
    <ClInclude Include="..\pragmapack.h">
      <Filter>Header Files</Filter>
    </ClInclude>
    <ClInclude Include="timiditydrv_h.h">
      <Filter>Header Files</Filter>
    </ClInclude>
    <ClInclude Include="timiwp_timidity.h">
      <Filter>Header Files</Filter>
    </ClInclude>
    <ClInclude Include="..\timidity\aenc.h">
      <Filter>Header Files\timidity</Filter>
    </ClInclude>
    <ClInclude Include="..\timidity\w32_a.h">
      <Filter>Header Files\timidity</Filter>
    </ClInclude>
    <ClInclude Include="..\timidity\aq.h">
      <Filter>Header Files\timidity</Filter>
    </ClInclude>
    <ClInclude Include="..\timidity\audio_cnv.h">
      <Filter>Header Files\timidity</Filter>
    </ClInclude>
    <ClInclude Include="..\timidity\audriv.h">
      <Filter>Header Files\timidity</Filter>
    </ClInclude>
    <ClInclude Include="..\timidity\common.h">
      <Filter>Header Files\timidity</Filter>
    </ClInclude>
    <ClInclude Include="..\timidity\controls.h">
      <Filter>Header Files\timidity</Filter>
    </ClInclude>
    <ClInclude Include="..\timidity\dlutils.h">
      <Filter>Header Files\timidity</Filter>
    </ClInclude>
    <ClInclude Include="..\timidity\filter.h">
      <Filter>Header Files\timidity</Filter>
    </ClInclude>
    <ClInclude Include="..\timidity\gogo_a.h">
      <Filter>Header Files\timidity</Filter>
    </ClInclude>
    <ClInclude Include="..\timidity\instrum.h">
      <Filter>Header Files\timidity</Filter>
    </ClInclude>
    <ClInclude Include="..\timidity\LameEnc.h">
      <Filter>Header Files\timidity</Filter>
    </ClInclude>
    <ClInclude Include="..\timidity\loadsndfontini.h">
      <Filter>Header Files\timidity</Filter>
    </ClInclude>
    <ClInclude Include="..\timidity\mac_com.h">
      <Filter>Header Files\timidity</Filter>
    </ClInclude>
    <ClInclude Include="..\timidity\mac_main.h">
      <Filter>Header Files\timidity</Filter>
    </ClInclude>
    <ClInclude Include="..\timidity\mfnode.h">
      <Filter>Header Files\timidity</Filter>
    </ClInclude>
    <ClInclude Include="..\timidity\miditrace.h">
      <Filter>Header Files\timidity</Filter>
    </ClInclude>
    <ClInclude Include="..\timidity\mix.h">
      <Filter>Header Files\timidity</Filter>
    </ClInclude>
    <ClInclude Include="..\timidity\mod.h">
      <Filter>Header Files\timidity</Filter>
    </ClInclude>
    <ClInclude Include="..\timidity\mod2midi.h">
      <Filter>Header Files\timidity</Filter>
    </ClInclude>
    <ClInclude Include="..\timidity\mt19937ar.h">
      <Filter>Header Files\timidity</Filter>
    </ClInclude>
    <ClInclude Include="..\timidity\myini.h">
      <Filter>Header Files\timidity</Filter>
    </ClInclude>
    <ClInclude Include="..\timidity\optcode.h">
      <Filter>Header Files\timidity</Filter>
    </ClInclude>
    <ClInclude Include="..\timidity\output.h">
      <Filter>Header Files\timidity</Filter>
    </ClInclude>
    <ClInclude Include="..\timidity\playmidi.h">
      <Filter>Header Files\timidity</Filter>
    </ClInclude>
    <ClInclude Include="..\timidity\portaudio_a.h">
      <Filter>Header Files\timidity</Filter>
    </ClInclude>
    <ClInclude Include="..\timidity\pragmapack.h">
      <Filter>Header Files\timidity</Filter>
    </ClInclude>
    <ClInclude Include="..\timidity\readmidi.h">
      <Filter>Header Files\timidity</Filter>
    </ClInclude>
    <ClInclude Include="..\timidity\recache.h">
      <Filter>Header Files\timidity</Filter>
    </ClInclude>
    <ClInclude Include="..\timidity\resample.h">
      <Filter>Header Files\timidity</Filter>
    </ClInclude>
    <ClInclude Include="..\timidity\reverb.h">
      <Filter>Header Files\timidity</Filter>
    </ClInclude>
    <ClInclude Include="..\timidity\sffile.h">
      <Filter>Header Files\timidity</Filter>
    </ClInclude>
    <ClInclude Include="..\timidity\sfitem.h">
      <Filter>Header Files\timidity</Filter>
    </ClInclude>
    <ClInclude Include="..\timidity\sflayer.h">
      <Filter>Header Files\timidity</Filter>
    </ClInclude>
    <ClInclude Include="..\timidity\smfconv.h">
      <Filter>Header Files\timidity</Filter>
    </ClInclude>
    <ClInclude Include="..\timidity\sndfontini.h">
      <Filter>Header Files\timidity</Filter>
    </ClInclude>
    <ClInclude Include="..\timidity\sysdep.h">
      <Filter>Header Files\timidity</Filter>
    </ClInclude>
    <ClInclude Include="..\timidity\tables.h">
      <Filter>Header Files\timidity</Filter>
    </ClInclude>
    <ClInclude Include="..\timidity\thread.h">
      <Filter>Header Files\timidity</Filter>
    </ClInclude>
    <ClInclude Include="..\timidity\timidity.h">
      <Filter>Header Files\timidity</Filter>
    </ClInclude>
    <ClInclude Include="..\timidity\vstwrapper.h">
      <Filter>Header Files\timidity</Filter>
    </ClInclude>
    <ClInclude Include="..\timidity\int_synth.h">
      <Filter>Header Files\timidity</Filter>
    </ClInclude>
    <ClInclude Include="..\timidity\voice_effect.h">
      <Filter>Header Files\timidity</Filter>
    </ClInclude>
    <ClInclude Include="..\timidity\voice_filter.h">
      <Filter>Header Files\timidity</Filter>
    </ClInclude>
    <ClInclude Include="..\timidity\oscillator.h">
      <Filter>Header Files\timidity</Filter>
    </ClInclude>
  </ItemGroup>
  <ItemGroup>
    <None Include="timiditydrv.def">
      <Filter>リソース ファイル</Filter>
    </None>
  </ItemGroup>
  <ItemGroup>
    <Midl Include="timiditydrv.idl">
      <Filter>リソース ファイル</Filter>
    </Midl>
  </ItemGroup>
</Project>