<?xml version="1.0" encoding="utf-8"?>
<Project ToolsVersion="4.0" xmlns="http://schemas.microsoft.com/developer/msbuild/2003">
  <ItemGroup>
    <Filter Include="Source Files">
      <UniqueIdentifier>{c966fa0f-c04b-4e20-a38c-56044533b464}</UniqueIdentifier>
      <Extensions>cpp;c;cxx;rc;def;r;odl;idl;hpj;bat</Extensions>
    </Filter>
    <Filter Include="Header Files">
      <UniqueIdentifier>{251417e9-fcb1-4ffe-adcd-af4e412b35f3}</UniqueIdentifier>
      <Extensions>h;hpp;hxx;hm;inl</Extensions>
    </Filter>
  </ItemGroup>
  <ItemGroup>
    <ClCompile Include="pm_common\pmutil.c">
      <Filter>Source Files</Filter>
    </ClCompile>
    <ClCompile Include="pm_win\pmwin.c">
      <Filter>Source Files</Filter>
    </ClCompile>
    <ClCompile Include="pm_win\pmwinmm.c">
      <Filter>Source Files</Filter>
    </ClCompile>
    <ClCompile Include="pm_common\portmidi.c">
      <Filter>Source Files</Filter>
    </ClCompile>
    <ClCompile Include="porttime\porttime.c">
      <Filter>Source Files</Filter>
    </ClCompile>
    <ClCompile Include="porttime\ptwinmm.c">
      <Filter>Source Files</Filter>
    </ClCompile>
  </ItemGroup>
  <ItemGroup>
    <ClInclude Include="pm_common\pminternal.h">
      <Filter>Header Files</Filter>
    </ClInclude>
    <ClInclude Include="pm_common\pmutil.h">
      <Filter>Header Files</Filter>
    </ClInclude>
    <ClInclude Include="pm_win\pmwinmm.h">
      <Filter>Header Files</Filter>
    </ClInclude>
    <ClInclude Include="pm_common\portmidi.h">
      <Filter>Header Files</Filter>
    </ClInclude>
    <ClInclude Include="porttime\porttime.h">
      <Filter>Header Files</Filter>
    </ClInclude>
  </ItemGroup>
</Project>