<?xml version="1.0" encoding="utf-8"?>
<Project ToolsVersion="4.0" xmlns="http://schemas.microsoft.com/developer/msbuild/2003">
  <ItemGroup>
    <Filter Include="Source Files">
      <UniqueIdentifier>{82b77fff-d962-4b20-bbd2-1003fed6756b}</UniqueIdentifier>
      <Extensions>cpp;c;cxx;rc;def;r;odl;idl;hpj;bat</Extensions>
    </Filter>
    <Filter Include="Header Files">
      <UniqueIdentifier>{1beea308-2608-447b-b3f6-f6fcd7845ada}</UniqueIdentifier>
      <Extensions>h;hpp;hxx;hm;inl</Extensions>
    </Filter>
    <Filter Include="Resource Files">
      <UniqueIdentifier>{1c9cabff-885e-4d0a-8a80-9bcec7081d0b}</UniqueIdentifier>
      <Extensions>ico;cur;bmp;dlg;rc2;rct;bin;rgs;gif;jpg;jpeg;jpe</Extensions>
    </Filter>
  </ItemGroup>
  <ItemGroup>
    <ClCompile Include="..\timidity\w32_libFLAC_dll.c">
      <Filter>Source Files</Filter>
    </ClCompile>
    <ClCompile Include="..\timidity\w32_libOggFLAC_dll.c">
      <Filter>Source Files</Filter>
    </ClCompile>
    <ClCompile Include="..\timidity\w32_portaudio_dll.c">
      <Filter>Source Files</Filter>
    </ClCompile>
    <ClCompile Include="..\interface\w32g_c.c">
      <Filter>Source Files</Filter>
    </ClCompile>
    <ClCompile Include="..\interface\w32g_dib.c">
      <Filter>Source Files</Filter>
    </ClCompile>
    <ClCompile Include="..\interface\w32g_i.c">
      <Filter>Source Files</Filter>
    </ClCompile>
    <ClCompile Include="..\interface\w32g_ini.c">
      <Filter>Source Files</Filter>
    </ClCompile>
    <ClCompile Include="..\interface\w32g_mag.c">
      <Filter>Source Files</Filter>
    </ClCompile>
    <ClCompile Include="..\timidity\w32g_ogg_dll.c">
      <Filter>Source Files</Filter>
    </ClCompile>
    <ClCompile Include="..\interface\w32g_playlist.c">
      <Filter>Source Files</Filter>
    </ClCompile>
    <ClCompile Include="..\interface\w32g_pref.c">
      <Filter>Source Files</Filter>
    </ClCompile>
    <ClCompile Include="..\interface\w32g_subwin.c">
      <Filter>Source Files</Filter>
    </ClCompile>
    <ClCompile Include="..\interface\w32g_subwin2.c">
      <Filter>Source Files</Filter>
    </ClCompile>
    <ClCompile Include="..\interface\w32g_subwin3.c">
      <Filter>Source Files</Filter>
    </ClCompile>
    <ClCompile Include="..\interface\w32g_ut2.c">
      <Filter>Source Files</Filter>
    </ClCompile>
    <ClCompile Include="..\interface\w32g_utl.c">
      <Filter>Source Files</Filter>
    </ClCompile>
    <ClCompile Include="..\timidity\w32g_vorbis_dll.c">
      <Filter>Source Files</Filter>
    </ClCompile>
    <ClCompile Include="..\timidity\w32g_vorbisenc_dll.c">
      <Filter>Source Files</Filter>
    </ClCompile>
    <ClCompile Include="..\interface\wrdt_w32g.c">
      <Filter>Source Files</Filter>
    </ClCompile>
    <ClCompile Include="..\interface\w32g_soundspec.c">
      <Filter>Source Files</Filter>
    </ClCompile>
    <ClCompile Include="..\timidity\w32g_opus_dll.c">
      <Filter>Source Files</Filter>
    </ClCompile>
  </ItemGroup>
  <ItemGroup>
    <ClInclude Include="..\interface.h">
      <Filter>Header Files</Filter>
    </ClInclude>
    <ClInclude Include="..\configs\msc-interface.h">
      <Filter>Header Files</Filter>
    </ClInclude>
    <ClInclude Include="..\interface\w32g_dib.h">
      <Filter>Header Files</Filter>
    </ClInclude>
    <ClInclude Include="..\interface\w32g_mag.h">
      <Filter>Header Files</Filter>
    </ClInclude>
    <ClInclude Include="..\interface\w32g_rec.h">
      <Filter>Header Files</Filter>
    </ClInclude>
    <ClInclude Include="..\interface\w32g_res.h">
      <Filter>Header Files</Filter>
    </ClInclude>
    <ClInclude Include="..\interface\w32g_subwin.h">
      <Filter>Header Files</Filter>
    </ClInclude>
    <ClInclude Include="..\interface\w32g_tracer.h">
      <Filter>Header Files</Filter>
    </ClInclude>
    <ClInclude Include="..\interface\w32g_wrd.h">
      <Filter>Header Files</Filter>
    </ClInclude>
    <ClInclude Include="..\config.h">
      <Filter>Header Files</Filter>
    </ClInclude>
    <ClInclude Include="..\interface\w32g_utl.h">
      <Filter>Header Files</Filter>
    </ClInclude>
    <ClInclude Include="..\interface\w32g_ut2.h">
      <Filter>Header Files</Filter>
    </ClInclude>
    <ClInclude Include="..\interface\w32g_pref.h">
      <Filter>Header Files</Filter>
    </ClInclude>
    <ClInclude Include="..\interface\w32g.h">
      <Filter>Header Files</Filter>
    </ClInclude>
    <ClInclude Include="..\timidity\w32_libFLAC_dll.h">
      <Filter>Header Files</Filter>
    </ClInclude>
    <ClInclude Include="..\timidity\w32_libFLAC_dll_g.h">
      <Filter>Header Files</Filter>
    </ClInclude>
    <ClInclude Include="..\timidity\w32_libFLAC_dll_i.h">
      <Filter>Header Files</Filter>
    </ClInclude>
    <ClInclude Include="..\timidity\w32_libOggFLAC_dll.h">
      <Filter>Header Files</Filter>
    </ClInclude>
    <ClInclude Include="..\timidity\w32_libOggFLAC_dll_g.h">
      <Filter>Header Files</Filter>
    </ClInclude>
    <ClInclude Include="..\timidity\w32_libOggFLAC_dll_i.h">
      <Filter>Header Files</Filter>
    </ClInclude>
    <ClInclude Include="..\interface\soundspec.h">
      <Filter>Header Files</Filter>
    </ClInclude>
  </ItemGroup>
  <ItemGroup>
    <None Include="..\interface\w32g_btn.bmp">
      <Filter>Resource Files</Filter>
    </None>
    <None Include="..\interface\w32g_icon.ico">
      <Filter>Resource Files</Filter>
    </None>
    <None Include="..\interface\w32g_sleep.bmp">
      <Filter>Resource Files</Filter>
    </None>
    <None Include="..\interface\w32g_subbtn.bmp">
      <Filter>Resource Files</Filter>
    </None>
    <None Include="..\interface\w32g_tracer.bmp">
      <Filter>Resource Files</Filter>
    </None>
    <None Include="..\interface\w32g_tracer_mask.bmp">
      <Filter>Resource Files</Filter>
    </None>
  </ItemGroup>
  <ItemGroup>
    <ResourceCompile Include="..\interface\w32g_res.rc">
      <Filter>Resource Files</Filter>
    </ResourceCompile>
  </ItemGroup>
</Project>