<?xml version="1.0" encoding="utf-8"?>
<Project ToolsVersion="4.0" xmlns="http://schemas.microsoft.com/developer/msbuild/2003">
  <ItemGroup>
    <Filter Include="Source Files">
      <UniqueIdentifier>{ac28c825-fe52-465e-850c-d9353759d21f}</UniqueIdentifier>
      <Extensions>cpp;c;cxx;rc;def;r;odl;idl;hpj;bat</Extensions>
    </Filter>
    <Filter Include="Header Files">
      <UniqueIdentifier>{39bea0c8-3755-4640-b513-037bf5c60a24}</UniqueIdentifier>
      <Extensions>h;hpp;hxx;hm;inl</Extensions>
    </Filter>
  </ItemGroup>
  <ItemGroup>
    <ClCompile Include="aiff_a.c">
      <Filter>Source Files</Filter>
    </ClCompile>
    <ClCompile Include="aq.c">
      <Filter>Source Files</Filter>
    </ClCompile>
    <ClCompile Include="au_a.c">
      <Filter>Source Files</Filter>
    </ClCompile>
    <ClCompile Include="audio_cnv.c">
      <Filter>Source Files</Filter>
    </ClCompile>
    <ClCompile Include="common.c">
      <Filter>Source Files</Filter>
    </ClCompile>
    <ClCompile Include="controls.c">
      <Filter>Source Files</Filter>
    </ClCompile>
    <ClCompile Include="effect.c">
      <Filter>Source Files</Filter>
    </ClCompile>
    <ClCompile Include="filter.c">
      <Filter>Source Files</Filter>
    </ClCompile>
    <ClCompile Include="flac_a.c">
      <Filter>Source Files</Filter>
    </ClCompile>
    <ClCompile Include="freq.c">
      <Filter>Source Files</Filter>
    </ClCompile>
    <ClCompile Include="gogo_a.c">
      <Filter>Source Files</Filter>
    </ClCompile>
    <ClCompile Include="instrum.c">
      <Filter>Source Files</Filter>
    </ClCompile>
    <ClCompile Include="list_a.c">
      <Filter>Source Files</Filter>
    </ClCompile>
    <ClCompile Include="loadtab.c">
      <Filter>Source Files</Filter>
    </ClCompile>
    <ClCompile Include="m2m.c">
      <Filter>Source Files</Filter>
    </ClCompile>
    <ClCompile Include="mfi.c">
      <Filter>Source Files</Filter>
    </ClCompile>
    <ClCompile Include="mfnode.c">
      <Filter>Source Files</Filter>
    </ClCompile>
    <ClCompile Include="miditrace.c">
      <Filter>Source Files</Filter>
    </ClCompile>
    <ClCompile Include="mix.c">
      <Filter>Source Files</Filter>
    </ClCompile>
    <ClCompile Include="mod.c">
      <Filter>Source Files</Filter>
    </ClCompile>
    <ClCompile Include="mod2midi.c">
      <Filter>Source Files</Filter>
    </ClCompile>
    <ClCompile Include="modmid_a.c">
      <Filter>Source Files</Filter>
    </ClCompile>
    <ClCompile Include="mt19937ar.c">
      <Filter>Source Files</Filter>
    </ClCompile>
    <ClCompile Include="optcode.c">
      <Filter>Source Files</Filter>
    </ClCompile>
    <ClCompile Include="output.c">
      <Filter>Source Files</Filter>
    </ClCompile>
    <ClCompile Include="playmidi.c">
      <Filter>Source Files</Filter>
    </ClCompile>
    <ClCompile Include="portaudio_a.c">
      <Filter>Source Files</Filter>
    </ClCompile>
    <ClCompile Include="quantity.c">
      <Filter>Source Files</Filter>
    </ClCompile>
    <ClCompile Include="raw_a.c">
      <Filter>Source Files</Filter>
    </ClCompile>
    <ClCompile Include="rcp.c">
      <Filter>Source Files</Filter>
    </ClCompile>
    <ClCompile Include="readmidi.c">
      <Filter>Source Files</Filter>
    </ClCompile>
    <ClCompile Include="recache.c">
      <Filter>Source Files</Filter>
    </ClCompile>
    <ClCompile Include="resample.c">
      <Filter>Source Files</Filter>
    </ClCompile>
    <ClCompile Include="sbkconv.c">
      <Filter>Source Files</Filter>
    </ClCompile>
    <ClCompile Include="sffile.c">
      <Filter>Source Files</Filter>
    </ClCompile>
    <ClCompile Include="sfitem.c">
      <Filter>Source Files</Filter>
    </ClCompile>
    <ClCompile Include="smfconv.c">
      <Filter>Source Files</Filter>
    </ClCompile>
    <ClCompile Include="smplfile.c">
      <Filter>Source Files</Filter>
    </ClCompile>
    <ClCompile Include="sndfont.c">
      <Filter>Source Files</Filter>
    </ClCompile>
    <ClCompile Include="tables.c">
      <Filter>Source Files</Filter>
    </ClCompile>
    <ClCompile Include="timidity.c">
      <Filter>Source Files</Filter>
    </ClCompile>
    <ClCompile Include="version.c">
      <Filter>Source Files</Filter>
    </ClCompile>
    <ClCompile Include="vorbis_a.c">
      <Filter>Source Files</Filter>
    </ClCompile>
    <ClCompile Include="w32_a.c">
      <Filter>Source Files</Filter>
    </ClCompile>
    <ClCompile Include="w32_gogo.c">
      <Filter>Source Files</Filter>
    </ClCompile>
    <ClCompile Include="wave_a.c">
      <Filter>Source Files</Filter>
    </ClCompile>
    <ClCompile Include="wrd_read.c">
      <Filter>Source Files</Filter>
    </ClCompile>
    <ClCompile Include="wrdt.c">
      <Filter>Source Files</Filter>
    </ClCompile>
    <ClCompile Include="lame_a.c">
      <Filter>Source Files</Filter>
    </ClCompile>
    <ClCompile Include="myini.c">
      <Filter>Source Files</Filter>
    </ClCompile>
    <ClCompile Include="sndfontini.c">
      <Filter>Source Files</Filter>
    </ClCompile>
    <ClCompile Include="volumecalc_a.c">
      <Filter>Source Files</Filter>
    </ClCompile>
    <ClCompile Include="speex_a.c">
      <Filter>Source Files</Filter>
    </ClCompile>
    <ClCompile Include="npipe_a.c">
      <Filter>Source Files</Filter>
    </ClCompile>
    <ClCompile Include="envelope.c">
      <Filter>Source Files</Filter>
    </ClCompile>
    <ClCompile Include="opus_a.c">
      <Filter>Source Files</Filter>
    </ClCompile>
    <ClCompile Include="ao_a.c">
      <Filter>Source Files</Filter>
    </ClCompile>
    <ClCompile Include="thread.c">
      <Filter>Source Files</Filter>
    </ClCompile>
    <ClCompile Include="voice_effect.c">
      <Filter>Source Files</Filter>
    </ClCompile>
    <ClCompile Include="int_synth.c">
      <Filter>Source Files</Filter>
    </ClCompile>
    <ClCompile Include="timer2.c">
      <Filter>Source Files</Filter>
    </ClCompile>
    <ClCompile Include="benchmark_a.c">
      <Filter>Source Files</Filter>
    </ClCompile>
    <ClCompile Include="oscillator.c">
      <Filter>Source Files</Filter>
    </ClCompile>
    <ClCompile Include="midi_a.c">
      <Filter>Source Files</Filter>
    </ClCompile>
  </ItemGroup>
  <ItemGroup>
    <ClInclude Include="aenc.h">
      <Filter>Header Files</Filter>
    </ClInclude>
    <ClInclude Include="aq.h">
      <Filter>Header Files</Filter>
    </ClInclude>
    <ClInclude Include="audio_cnv.h">
      <Filter>Header Files</Filter>
    </ClInclude>
    <ClInclude Include="audriv.h">
      <Filter>Header Files</Filter>
    </ClInclude>
    <ClInclude Include="common.h">
      <Filter>Header Files</Filter>
    </ClInclude>
    <ClInclude Include="controls.h">
      <Filter>Header Files</Filter>
    </ClInclude>
    <ClInclude Include="dlutils.h">
      <Filter>Header Files</Filter>
    </ClInclude>
    <ClInclude Include="filter.h">
      <Filter>Header Files</Filter>
    </ClInclude>
    <ClInclude Include="gogo_a.h">
      <Filter>Header Files</Filter>
    </ClInclude>
    <ClInclude Include="instrum.h">
      <Filter>Header Files</Filter>
    </ClInclude>
    <ClInclude Include="mac_com.h">
      <Filter>Header Files</Filter>
    </ClInclude>
    <ClInclude Include="mac_main.h">
      <Filter>Header Files</Filter>
    </ClInclude>
    <ClInclude Include="mfnode.h">
      <Filter>Header Files</Filter>
    </ClInclude>
    <ClInclude Include="miditrace.h">
      <Filter>Header Files</Filter>
    </ClInclude>
    <ClInclude Include="mix.h">
      <Filter>Header Files</Filter>
    </ClInclude>
    <ClInclude Include="mod.h">
      <Filter>Header Files</Filter>
    </ClInclude>
    <ClInclude Include="mod2midi.h">
      <Filter>Header Files</Filter>
    </ClInclude>
    <ClInclude Include="mt19937ar.h">
      <Filter>Header Files</Filter>
    </ClInclude>
    <ClInclude Include="optcode.h">
      <Filter>Header Files</Filter>
    </ClInclude>
    <ClInclude Include="output.h">
      <Filter>Header Files</Filter>
    </ClInclude>
    <ClInclude Include="playmidi.h">
      <Filter>Header Files</Filter>
    </ClInclude>
    <ClInclude Include="readmidi.h">
      <Filter>Header Files</Filter>
    </ClInclude>
    <ClInclude Include="recache.h">
      <Filter>Header Files</Filter>
    </ClInclude>
    <ClInclude Include="resample.h">
      <Filter>Header Files</Filter>
    </ClInclude>
    <ClInclude Include="sffile.h">
      <Filter>Header Files</Filter>
    </ClInclude>
    <ClInclude Include="sfitem.h">
      <Filter>Header Files</Filter>
    </ClInclude>
    <ClInclude Include="sflayer.h">
      <Filter>Header Files</Filter>
    </ClInclude>
    <ClInclude Include="smfconv.h">
      <Filter>Header Files</Filter>
    </ClInclude>
    <ClInclude Include="sysdep.h">
      <Filter>Header Files</Filter>
    </ClInclude>
    <ClInclude Include="tables.h">
      <Filter>Header Files</Filter>
    </ClInclude>
    <ClInclude Include="timidity.h">
      <Filter>Header Files</Filter>
    </ClInclude>
    <ClInclude Include="w32_gogo.h">
      <Filter>Header Files</Filter>
    </ClInclude>
    <ClInclude Include="wrd.h">
      <Filter>Header Files</Filter>
    </ClInclude>
    <ClInclude Include="LameEnc.h">
      <Filter>Header Files</Filter>
    </ClInclude>
    <ClInclude Include="loadsndfontini.h">
      <Filter>Header Files</Filter>
    </ClInclude>
    <ClInclude Include="myini.h">
      <Filter>Header Files</Filter>
    </ClInclude>
    <ClInclude Include="pragmapack.h">
      <Filter>Header Files</Filter>
    </ClInclude>
    <ClInclude Include="sndfontini.h">
      <Filter>Header Files</Filter>
    </ClInclude>
    <ClInclude Include="vstwrapper.h">
      <Filter>Header Files</Filter>
    </ClInclude>
    <ClInclude Include="w32_a.h">
      <Filter>Header Files</Filter>
    </ClInclude>
    <ClInclude Include="portaudio_a.h">
      <Filter>Header Files</Filter>
    </ClInclude>
    <ClInclude Include="..\..\tim130601\src\timidity\w32_libFLAC_dll.h">
      <Filter>Header Files</Filter>
    </ClInclude>
    <ClInclude Include="..\..\tim130601\src\timidity\w32_libFLAC_dll_g.h">
      <Filter>Header Files</Filter>
    </ClInclude>
    <ClInclude Include="..\..\tim130601\src\timidity\w32_libFLAC_dll_i.h">
      <Filter>Header Files</Filter>
    </ClInclude>
    <ClInclude Include="..\..\tim130601\src\timidity\w32_libOggFLAC_dll.h">
      <Filter>Header Files</Filter>
    </ClInclude>
    <ClInclude Include="..\..\tim130601\src\timidity\w32_libOggFLAC_dll_g.h">
      <Filter>Header Files</Filter>
    </ClInclude>
    <ClInclude Include="..\..\tim130601\src\timidity\w32_libOggFLAC_dll_i.h">
      <Filter>Header Files</Filter>
    </ClInclude>
    <ClInclude Include="thread.h">
      <Filter>Header Files</Filter>
    </ClInclude>
    <ClInclude Include="voice_effect.h">
      <Filter>Header Files</Filter>
    </ClInclude>
    <ClInclude Include="int_synth.h">
      <Filter>Header Files</Filter>
    </ClInclude>
    <ClInclude Include="voice_filter.h">
      <Filter>Header Files</Filter>
    </ClInclude>
    <ClInclude Include="freq.h">
      <Filter>Header Files</Filter>
    </ClInclude>
    <ClInclude Include="timer2.h">
      <Filter>Header Files</Filter>
    </ClInclude>
    <ClInclude Include="quantity.h">
      <Filter>Header Files</Filter>
    </ClInclude>
    <ClInclude Include="effect.h">
      <Filter>Header Files</Filter>
    </ClInclude>
    <ClInclude Include="oscillator.h">
      <Filter>Header Files</Filter>
    </ClInclude>
  </ItemGroup>
</Project>