<?xml version="1.0" encoding="utf-8"?>
<Project ToolsVersion="4.0" xmlns="http://schemas.microsoft.com/developer/msbuild/2003">
  <ItemGroup>
    <Filter Include="Source Files">
      <UniqueIdentifier>{1673b1d8-e95d-418b-ad13-1c5d8a4c2821}</UniqueIdentifier>
      <Extensions>cpp;c;cxx;rc;def;r;odl;idl;hpj;bat</Extensions>
    </Filter>
    <Filter Include="Header Files">
      <UniqueIdentifier>{bf104e0a-54fc-4e98-bdef-c5be00c10e4f}</UniqueIdentifier>
      <Extensions>h;hpp;hxx;hm;inl</Extensions>
    </Filter>
  </ItemGroup>
  <ItemGroup>
    <ClCompile Include="dumb_c.c">
      <Filter>Source Files</Filter>
    </ClCompile>
    <ClCompile Include="vt100.c">
      <Filter>Source Files</Filter>
    </ClCompile>
    <ClCompile Include="vt100_c.c">
      <Filter>Source Files</Filter>
    </ClCompile>
    <ClCompile Include="VTPrsTbl.c">
      <Filter>Source Files</Filter>
    </ClCompile>
    <ClCompile Include="wrdt_dumb.c">
      <Filter>Source Files</Filter>
    </ClCompile>
    <ClCompile Include="wrdt_tty.c">
      <Filter>Source Files</Filter>
    </ClCompile>
  </ItemGroup>
  <ItemGroup>
    <ClInclude Include="gtk_h.h">
      <Filter>Header Files</Filter>
    </ClInclude>
    <ClInclude Include="mac_c.h">
      <Filter>Header Files</Filter>
    </ClInclude>
    <ClInclude Include="mac_mag.h">
      <Filter>Header Files</Filter>
    </ClInclude>
    <ClInclude Include="mac_wrdwindow.h">
      <Filter>Header Files</Filter>
    </ClInclude>
    <ClInclude Include="motif.h">
      <Filter>Header Files</Filter>
    </ClInclude>
    <ClInclude Include="..\configs\msc-config.h">
      <Filter>Header Files</Filter>
    </ClInclude>
    <ClInclude Include="server_defs.h">
      <Filter>Header Files</Filter>
    </ClInclude>
    <ClInclude Include="soundspec.h">
      <Filter>Header Files</Filter>
    </ClInclude>
    <ClInclude Include="vt100.h">
      <Filter>Header Files</Filter>
    </ClInclude>
    <ClInclude Include="VTparse.h">
      <Filter>Header Files</Filter>
    </ClInclude>
    <ClInclude Include="w32g_utl.h">
      <Filter>Header Files</Filter>
    </ClInclude>
    <ClInclude Include="x_mag.h">
      <Filter>Header Files</Filter>
    </ClInclude>
    <ClInclude Include="x_sherry.h">
      <Filter>Header Files</Filter>
    </ClInclude>
    <ClInclude Include="x_wrdwindow.h">
      <Filter>Header Files</Filter>
    </ClInclude>
    <ClInclude Include="xaw.h">
      <Filter>Header Files</Filter>
    </ClInclude>
    <ClInclude Include="xskin.h">
      <Filter>Header Files</Filter>
    </ClInclude>
  </ItemGroup>
</Project>