<?xml version="1.0" encoding="utf-8"?>
<Project ToolsVersion="4.0" xmlns="http://schemas.microsoft.com/developer/msbuild/2003">
  <ItemGroup>
    <Filter Include="Source Files">
      <UniqueIdentifier>{fc84d6df-47f7-4a80-b3e8-a46fb8d4f524}</UniqueIdentifier>
      <Extensions>cpp;c;cxx;rc;def;r;odl;idl;hpj;bat</Extensions>
    </Filter>
    <Filter Include="Header Files">
      <UniqueIdentifier>{cd74209e-a143-4386-8cd4-912b0d77c524}</UniqueIdentifier>
      <Extensions>h;hpp;hxx;hm;inl</Extensions>
    </Filter>
  </ItemGroup>
  <ItemGroup>
    <ClCompile Include="load_669.c">
      <Filter>Source Files</Filter>
    </ClCompile>
    <ClCompile Include="load_amf.c">
      <Filter>Source Files</Filter>
    </ClCompile>
    <ClCompile Include="load_dsm.c">
      <Filter>Source Files</Filter>
    </ClCompile>
    <ClCompile Include="load_far.c">
      <Filter>Source Files</Filter>
    </ClCompile>
    <ClCompile Include="load_gdm.c">
      <Filter>Source Files</Filter>
    </ClCompile>
    <ClCompile Include="load_imf.c">
      <Filter>Source Files</Filter>
    </ClCompile>
    <ClCompile Include="load_it.c">
      <Filter>Source Files</Filter>
    </ClCompile>
    <ClCompile Include="load_m15.c">
      <Filter>Source Files</Filter>
    </ClCompile>
    <ClCompile Include="load_med.c">
      <Filter>Source Files</Filter>
    </ClCompile>
    <ClCompile Include="load_mod.c">
      <Filter>Source Files</Filter>
    </ClCompile>
    <ClCompile Include="load_mtm.c">
      <Filter>Source Files</Filter>
    </ClCompile>
    <ClCompile Include="load_okt.c">
      <Filter>Source Files</Filter>
    </ClCompile>
    <ClCompile Include="load_s3m.c">
      <Filter>Source Files</Filter>
    </ClCompile>
    <ClCompile Include="load_stm.c">
      <Filter>Source Files</Filter>
    </ClCompile>
    <ClCompile Include="load_stx.c">
      <Filter>Source Files</Filter>
    </ClCompile>
    <ClCompile Include="load_ult.c">
      <Filter>Source Files</Filter>
    </ClCompile>
    <ClCompile Include="load_uni.c">
      <Filter>Source Files</Filter>
    </ClCompile>
    <ClCompile Include="load_xm.c">
      <Filter>Source Files</Filter>
    </ClCompile>
    <ClCompile Include="mloader.c">
      <Filter>Source Files</Filter>
    </ClCompile>
    <ClCompile Include="mlutil.c">
      <Filter>Source Files</Filter>
    </ClCompile>
    <ClCompile Include="mmsup.c">
      <Filter>Source Files</Filter>
    </ClCompile>
    <ClCompile Include="munitrk.c">
      <Filter>Source Files</Filter>
    </ClCompile>
  </ItemGroup>
  <ItemGroup>
    <ClInclude Include="unimod.h">
      <Filter>Header Files</Filter>
    </ClInclude>
    <ClInclude Include="unimod_priv.h">
      <Filter>Header Files</Filter>
    </ClInclude>
  </ItemGroup>
</Project>