<?xml version="1.0" encoding="utf-8"?>
<Project ToolsVersion="4.0" xmlns="http://schemas.microsoft.com/developer/msbuild/2003">
  <ItemGroup>
    <Filter Include="Source Files">
      <UniqueIdentifier>{c718b868-0da3-4ec6-b42e-02792a47fb0a}</UniqueIdentifier>
      <Extensions>cpp;c;cxx;rc;def;r;odl;idl;hpj;bat</Extensions>
    </Filter>
    <Filter Include="Resource Files">
      <UniqueIdentifier>{3828f33f-9ad8-4fb7-a20f-b0df9caa3f29}</UniqueIdentifier>
      <Extensions>ico;cur;bmp;dlg;rc2;rct;bin;rgs;gif;jpg;jpeg;jpe</Extensions>
    </Filter>
    <Filter Include="Header Files">
      <UniqueIdentifier>{784123c5-91a0-440e-a385-643c7db24083}</UniqueIdentifier>
      <Extensions>h;hpp;hxx;hm;inl</Extensions>
    </Filter>
  </ItemGroup>
  <ItemGroup>
    <ClCompile Include="..\timidity\aiff_a.c">
      <Filter>Source Files</Filter>
    </ClCompile>
    <ClCompile Include="..\timidity\aq.c">
      <Filter>Source Files</Filter>
    </ClCompile>
    <ClCompile Include="..\timidity\au_a.c">
      <Filter>Source Files</Filter>
    </ClCompile>
    <ClCompile Include="..\timidity\audio_cnv.c">
      <Filter>Source Files</Filter>
    </ClCompile>
    <ClCompile Include="..\timidity\common.c">
      <Filter>Source Files</Filter>
    </ClCompile>
    <ClCompile Include="..\timidity\controls.c">
      <Filter>Source Files</Filter>
    </ClCompile>
    <ClCompile Include="..\timidity\effect.c">
      <Filter>Source Files</Filter>
    </ClCompile>
    <ClCompile Include="..\timidity\filter.c">
      <Filter>Source Files</Filter>
    </ClCompile>
    <ClCompile Include="..\timidity\flac_a.c">
      <Filter>Source Files</Filter>
    </ClCompile>
    <ClCompile Include="..\timidity\freq.c">
      <Filter>Source Files</Filter>
    </ClCompile>
    <ClCompile Include="..\timidity\gogo_a.c">
      <Filter>Source Files</Filter>
    </ClCompile>
    <ClCompile Include="..\timidity\instrum.c">
      <Filter>Source Files</Filter>
    </ClCompile>
    <ClCompile Include="..\timidity\list_a.c">
      <Filter>Source Files</Filter>
    </ClCompile>
    <ClCompile Include="..\timidity\loadtab.c">
      <Filter>Source Files</Filter>
    </ClCompile>
    <ClCompile Include="..\timidity\m2m.c">
      <Filter>Source Files</Filter>
    </ClCompile>
    <ClCompile Include="..\timidity\mfi.c">
      <Filter>Source Files</Filter>
    </ClCompile>
    <ClCompile Include="..\timidity\mfnode.c">
      <Filter>Source Files</Filter>
    </ClCompile>
    <ClCompile Include="..\timidity\miditrace.c">
      <Filter>Source Files</Filter>
    </ClCompile>
    <ClCompile Include="..\timidity\mix.c">
      <Filter>Source Files</Filter>
    </ClCompile>
    <ClCompile Include="..\timidity\mod.c">
      <Filter>Source Files</Filter>
    </ClCompile>
    <ClCompile Include="..\timidity\mod2midi.c">
      <Filter>Source Files</Filter>
    </ClCompile>
    <ClCompile Include="..\timidity\modmid_a.c">
      <Filter>Source Files</Filter>
    </ClCompile>
    <ClCompile Include="..\timidity\mt19937ar.c">
      <Filter>Source Files</Filter>
    </ClCompile>
    <ClCompile Include="..\timidity\optcode.c">
      <Filter>Source Files</Filter>
    </ClCompile>
    <ClCompile Include="..\timidity\output.c">
      <Filter>Source Files</Filter>
    </ClCompile>
    <ClCompile Include="..\timidity\playmidi.c">
      <Filter>Source Files</Filter>
    </ClCompile>
    <ClCompile Include="..\timidity\portaudio_a.c">
      <Filter>Source Files</Filter>
    </ClCompile>
    <ClCompile Include="..\timidity\quantity.c">
      <Filter>Source Files</Filter>
    </ClCompile>
    <ClCompile Include="..\timidity\raw_a.c">
      <Filter>Source Files</Filter>
    </ClCompile>
    <ClCompile Include="..\timidity\rcp.c">
      <Filter>Source Files</Filter>
    </ClCompile>
    <ClCompile Include="..\timidity\readmidi.c">
      <Filter>Source Files</Filter>
    </ClCompile>
    <ClCompile Include="..\timidity\recache.c">
      <Filter>Source Files</Filter>
    </ClCompile>
    <ClCompile Include="..\timidity\resample.c">
      <Filter>Source Files</Filter>
    </ClCompile>
    <ClCompile Include="..\interface\rtsyn_common.c">
      <Filter>Source Files</Filter>
    </ClCompile>
    <ClCompile Include="..\interface\rtsyn_winmm.c">
      <Filter>Source Files</Filter>
    </ClCompile>
    <ClCompile Include="..\timidity\sbkconv.c">
      <Filter>Source Files</Filter>
    </ClCompile>
    <ClCompile Include="..\timidity\sffile.c">
      <Filter>Source Files</Filter>
    </ClCompile>
    <ClCompile Include="..\timidity\sfitem.c">
      <Filter>Source Files</Filter>
    </ClCompile>
    <ClCompile Include="..\timidity\smfconv.c">
      <Filter>Source Files</Filter>
    </ClCompile>
    <ClCompile Include="..\timidity\smplfile.c">
      <Filter>Source Files</Filter>
    </ClCompile>
    <ClCompile Include="..\timidity\sndfont.c">
      <Filter>Source Files</Filter>
    </ClCompile>
    <ClCompile Include="..\timidity\tables.c">
      <Filter>Source Files</Filter>
    </ClCompile>
    <ClCompile Include="..\timidity\timidity.c">
      <Filter>Source Files</Filter>
    </ClCompile>
    <ClCompile Include="..\timidity\version.c">
      <Filter>Source Files</Filter>
    </ClCompile>
    <ClCompile Include="..\timidity\vorbis_a.c">
      <Filter>Source Files</Filter>
    </ClCompile>
    <ClCompile Include="..\timidity\w32_a.c">
      <Filter>Source Files</Filter>
    </ClCompile>
    <ClCompile Include="..\timidity\w32_gogo.c">
      <Filter>Source Files</Filter>
    </ClCompile>
    <ClCompile Include="..\timidity\w32_libFLAC_dll.c">
      <Filter>Source Files</Filter>
    </ClCompile>
    <ClCompile Include="..\timidity\w32_libOggFLAC_dll.c">
      <Filter>Source Files</Filter>
    </ClCompile>
    <ClCompile Include="..\timidity\w32_portaudio_dll.c">
      <Filter>Source Files</Filter>
    </ClCompile>
    <ClCompile Include="..\interface\w32g_ini.c">
      <Filter>Source Files</Filter>
    </ClCompile>
    <ClCompile Include="..\timidity\w32g_ogg_dll.c">
      <Filter>Source Files</Filter>
    </ClCompile>
    <ClCompile Include="..\interface\w32g_pref.c">
      <Filter>Source Files</Filter>
    </ClCompile>
    <ClCompile Include="..\interface\w32g_syn.c">
      <Filter>Source Files</Filter>
    </ClCompile>
    <ClCompile Include="..\interface\w32g_utl.c">
      <Filter>Source Files</Filter>
    </ClCompile>
    <ClCompile Include="..\timidity\w32g_vorbis_dll.c">
      <Filter>Source Files</Filter>
    </ClCompile>
    <ClCompile Include="..\timidity\w32g_vorbisenc_dll.c">
      <Filter>Source Files</Filter>
    </ClCompile>
    <ClCompile Include="..\timidity\wave_a.c">
      <Filter>Source Files</Filter>
    </ClCompile>
    <ClCompile Include="..\interface\winsyn_c.c">
      <Filter>Source Files</Filter>
    </ClCompile>
    <ClCompile Include="..\timidity\wrd_read.c">
      <Filter>Source Files</Filter>
    </ClCompile>
    <ClCompile Include="..\timidity\wrdt.c">
      <Filter>Source Files</Filter>
    </ClCompile>
    <ClCompile Include="..\timidity\myini.c">
      <Filter>Source Files</Filter>
    </ClCompile>
    <ClCompile Include="..\timidity\sndfontini.c">
      <Filter>Source Files</Filter>
    </ClCompile>
    <ClCompile Include="..\interface\w32g_soundspec.c">
      <Filter>Source Files</Filter>
    </ClCompile>
    <ClCompile Include="..\timidity\envelope.c">
      <Filter>Source Files</Filter>
    </ClCompile>
    <ClCompile Include="..\timidity\opus_a.c">
      <Filter>Source Files</Filter>
    </ClCompile>
    <ClCompile Include="..\timidity\w32g_opus_dll.c">
      <Filter>Source Files</Filter>
    </ClCompile>
    <ClCompile Include="..\timidity\ao_a.c">
      <Filter>Source Files</Filter>
    </ClCompile>
    <ClCompile Include="..\timidity\thread.c">
      <Filter>Source Files</Filter>
    </ClCompile>
    <ClCompile Include="..\timidity\voice_effect.c">
      <Filter>Source Files</Filter>
    </ClCompile>
    <ClCompile Include="..\timidity\int_synth.c">
      <Filter>Source Files</Filter>
    </ClCompile>
    <ClCompile Include="..\timidity\oscillator.c">
      <Filter>Source Files</Filter>
    </ClCompile>
  </ItemGroup>
  <ItemGroup>
    <ResourceCompile Include="..\interface\w32g_res.rc">
      <Filter>Resource Files</Filter>
    </ResourceCompile>
  </ItemGroup>
  <ItemGroup>
    <ClInclude Include="..\config.h">
      <Filter>Header Files</Filter>
    </ClInclude>
    <ClInclude Include="..\interface.h">
      <Filter>Header Files</Filter>
    </ClInclude>
    <ClInclude Include="..\timidity\loadsndfontini.h">
      <Filter>Header Files</Filter>
    </ClInclude>
    <ClInclude Include="..\timidity\myini.h">
      <Filter>Header Files</Filter>
    </ClInclude>
    <ClInclude Include="..\timidity\sndfontini.h">
      <Filter>Header Files</Filter>
    </ClInclude>
    <ClInclude Include="..\timidity\vstwrapper.h">
      <Filter>Header Files</Filter>
    </ClInclude>
    <ClInclude Include="..\timidity\thread.h">
      <Filter>Header Files</Filter>
    </ClInclude>
    <ClInclude Include="..\timidity\voice_effect.h">
      <Filter>Header Files</Filter>
    </ClInclude>
    <ClInclude Include="..\timidity\voice_filter.h">
      <Filter>Header Files</Filter>
    </ClInclude>
    <ClInclude Include="..\timidity\int_synth.h">
      <Filter>Header Files</Filter>
    </ClInclude>
    <ClInclude Include="..\timidity\oscillator.h">
      <Filter>Header Files</Filter>
    </ClInclude>
    <ClInclude Include="..\interface\soundspec.h">
      <Filter>Header Files</Filter>
    </ClInclude>
  </ItemGroup>
</Project>